// !$*UTF8*$!
{
	archiveVersion = 1;
	classes = {
	};
	objectVersion = 46;
	objects = {

/* Begin PBXBuildFile section */
		621888AA1C9FB29A007180AE /* main.m in Sources */ = {isa = PBXBuildFile; fileRef = 621888A91C9FB29A007180AE /* main.m */; };
		621888AD1C9FB29A007180AE /* AppDelegate.m in Sources */ = {isa = PBXBuildFile; fileRef = 621888AC1C9FB29A007180AE /* AppDelegate.m */; };
		621888B01C9FB29A007180AE /* ViewController.m in Sources */ = {isa = PBXBuildFile; fileRef = 621888AF1C9FB29A007180AE /* ViewController.m */; };
		621888B31C9FB29A007180AE /* Main.storyboard in Resources */ = {isa = PBXBuildFile; fileRef = 621888B11C9FB29A007180AE /* Main.storyboard */; };
		621888B51C9FB29A007180AE /* Assets.xcassets in Resources */ = {isa = PBXBuildFile; fileRef = 621888B41C9FB29A007180AE /* Assets.xcassets */; };
		621888B81C9FB29A007180AE /* LaunchScreen.storyboard in Resources */ = {isa = PBXBuildFile; fileRef = 621888B61C9FB29A007180AE /* LaunchScreen.storyboard */; };
/* End PBXBuildFile section */

/* Begin PBXFileReference section */
		621888A51C9FB29A007180AE /* XDPhoneNumberKit.app */ = {isa = PBXFileReference; explicitFileType = wrapper.application; includeInIndex = 0; path = XDPhoneNumberKit.app; sourceTree = BUILT_PRODUCTS_DIR; };
		621888A91C9FB29A007180AE /* main.m */ = {isa = PBXFileReference; lastKnownFileType = sourcecode.c.objc; path = main.m; sourceTree = "<group>"; };
		621888AB1C9FB29A007180AE /* AppDelegate.h */ = {isa = PBXFileReference; lastKnownFileType = sourcecode.c.h; path = AppDelegate.h; sourceTree = "<group>"; };
		621888AC1C9FB29A007180AE /* AppDelegate.m */ = {isa = PBXFileReference; lastKnownFileType = sourcecode.c.objc; path = AppDelegate.m; sourceTree = "<group>"; };
		621888AE1C9FB29A007180AE /* ViewController.h */ = {isa = PBXFileReference; lastKnownFileType = sourcecode.c.h; path = ViewController.h; sourceTree = "<group>"; };
		621888AF1C9FB29A007180AE /* ViewController.m */ = {isa = PBXFileReference; lastKnownFileType = sourcecode.c.objc; path = ViewController.m; sourceTree = "<group>"; };
		621888B21C9FB29A007180AE /* Base */ = {isa = PBXFileReference; lastKnownFileType = file.storyboard; name = Base; path = Base.lproj/Main.storyboard; sourceTree = "<group>"; };
		621888B41C9FB29A007180AE /* Assets.xcassets */ = {isa = PBXFileReference; lastKnownFileType = folder.assetcatalog; path = Assets.xcassets; sourceTree = "<group>"; };
		621888B71C9FB29A007180AE /* Base */ = {isa = PBXFileReference; lastKnownFileType = file.storyboard; name = Base; path = Base.lproj/LaunchScreen.storyboard; sourceTree = "<group>"; };
		621888B91C9FB29A007180AE /* Info.plist */ = {isa = PBXFileReference; lastKnownFileType = text.plist.xml; path = Info.plist; sourceTree = "<group>"; };
/* End PBXFileReference section */

/* Begin PBXFrameworksBuildPhase section */
		621888A21C9FB29A007180AE /* Frameworks */ = {
			isa = PBXFrameworksBuildPhase;
			buildActionMask = 2147483647;
			files = (
			);
			runOnlyForDeploymentPostprocessing = 0;
		};
/* End PBXFrameworksBuildPhase section */

/* Begin PBXGroup section */
		6218889C1C9FB29A007180AE = {
			isa = PBXGroup;
			children = (
				621888A71C9FB29A007180AE /* XDPhoneNumberKit */,
				621888A61C9FB29A007180AE /* Products */,
			);
			sourceTree = "<group>";
		};
		621888A61C9FB29A007180AE /* Products */ = {
			isa = PBXGroup;
			children = (
				621888A51C9FB29A007180AE /* XDPhoneNumberKit.app */,
			);
			name = Products;
			sourceTree = "<group>";
		};
		621888A71C9FB29A007180AE /* XDPhoneNumberKit */ = {
			isa = PBXGroup;
			children = (
				621888AB1C9FB29A007180AE /* AppDelegate.h */,
				621888AC1C9FB29A007180AE /* AppDelegate.m */,
				621888AE1C9FB29A007180AE /* ViewController.h */,
				621888AF1C9FB29A007180AE /* ViewController.m */,
				621888B11C9FB29A007180AE /* Main.storyboard */,
				621888B41C9FB29A007180AE /* Assets.xcassets */,
				621888B61C9FB29A007180AE /* LaunchScreen.storyboard */,
				621888B91C9FB29A007180AE /* Info.plist */,
				621888A81C9FB29A007180AE /* Supporting Files */,
			);
			path = XDPhoneNumberKit;
			sourceTree = "<group>";
		};
		621888A81C9FB29A007180AE /* Supporting Files */ = {
			isa = PBXGroup;
			children = (
				621888A91C9FB29A007180AE /* main.m */,
			);
			name = "Supporting Files";
			sourceTree = "<group>";
		};
/* End PBXGroup section */

/* Begin PBXNativeTarget section */
		621888A41C9FB29A007180AE /* XDPhoneNumberKit */ = {
			isa = PBXNativeTarget;
			buildConfigurationList = 621888BC1C9FB29A007180AE /* Build configuration list for PBXNativeTarget "XDPhoneNumberKit" */;
			buildPhases = (
				621888A11C9FB29A007180AE /* Sources */,
				621888A21C9FB29A007180AE /* Frameworks */,
				621888A31C9FB29A007180AE /* Resources */,
			);
			buildRules = (
			);
			dependencies = (
			);
			name = XDPhoneNumberKit;
			productName = XDPhoneNumberKit;
			productReference = 621888A51C9FB29A007180AE /* XDPhoneNumberKit.app */;
			productType = "com.apple.product-type.application";
		};
/* End PBXNativeTarget section */

/* Begin PBXProject section */
		6218889D1C9FB29A007180AE /* Project object */ = {
			isa = PBXProject;
			attributes = {
				LastUpgradeCheck = 0720;
				ORGANIZATIONNAME = com.su;
				TargetAttributes = {
					621888A41C9FB29A007180AE = {
						CreatedOnToolsVersion = 7.2;
					};
				};
			};
			buildConfigurationList = 621888A01C9FB29A007180AE /* Build configuration list for PBXProject "XDPhoneNumberKit" */;
			compatibilityVersion = "Xcode 3.2";
			developmentRegion = English;
			hasScannedForEncodings = 0;
			knownRegions = (
				en,
				Base,
			);
			mainGroup = 6218889C1C9FB29A007180AE;
			productRefGroup = 621888A61C9FB29A007180AE /* Products */;
			projectDirPath = "";
			projectRoot = "";
			targets = (
				621888A41C9FB29A007180AE /* XDPhoneNumberKit */,
			);
		};
/* End PBXProject section */

/* Begin PBXResourcesBuildPhase section */
		621888A31C9FB29A007180AE /* Resources */ = {
			isa = PBXResourcesBuildPhase;
			buildActionMask = 2147483647;
			files = (
				621888B81C9FB29A007180AE /* LaunchScreen.storyboard in Resources */,
				621888B51C9FB29A007180AE /* Assets.xcassets in Resources */,
				621888B31C9FB29A007180AE /* Main.storyboard in Resources */,
			);
			runOnlyForDeploymentPostprocessing = 0;
		};
/* End PBXResourcesBuildPhase section */

/* Begin PBXSourcesBuildPhase section */
		621888A11C9FB29A007180AE /* Sources */ = {
			isa = PBXSourcesBuildPhase;
			buildActionMask = 2147483647;
			files = (
				621888B01C9FB29A007180AE /* ViewController.m in Sources */,
				621888AD1C9FB29A007180AE /* AppDelegate.m in Sources */,
				621888AA1C9FB29A007180AE /* main.m in Sources */,
			);
			runOnlyForDeploymentPostprocessing = 0;
		};
/* End PBXSourcesBuildPhase section */

/* Begin PBXVariantGroup section */
		621888B11C9FB29A007180AE /* Main.storyboard */ = {
			isa = PBXVariantGroup;
			children = (
				621888B21C9FB29A007180AE /* Base */,
			);
			name = Main.storyboard;
			sourceTree = "<group>";
		};
		621888B61C9FB29A007180AE /* LaunchScreen.storyboard */ = {
			isa = PBXVariantGroup;
			children = (
				621888B71C9FB29A007180AE /* Base */,
			);
			name = LaunchScreen.storyboard;
			sourceTree = "<group>";
		};
/* End PBXVariantGroup section */

/* Begin XCBuildConfiguration section */
		621888BA1C9FB29A007180AE /* Debug */ = {
			isa = XCBuildConfiguration;
			buildSettings = {
				ALWAYS_SEARCH_USER_PATHS = NO;
				CLANG_CXX_LANGUAGE_STANDARD = "gnu++0x";
				CLANG_CXX_LIBRARY = "libc++";
				CLANG_ENABLE_MODULES = YES;
				CLANG_ENABLE_OBJC_ARC = YES;
				CLANG_WARN_BOOL_CONVERSION = YES;
				CLANG_WARN_CONSTANT_CONVERSION = YES;
				CLANG_WARN_DIRECT_OBJC_ISA_USAGE = YES_ERROR;
				CLANG_WARN_EMPTY_BODY = YES;
				CLANG_WARN_ENUM_CONVERSION = YES;
				CLANG_WARN_INT_CONVERSION = YES;
				CLANG_WARN_OBJC_ROOT_CLASS = YES_ERROR;
				CLANG_WARN_UNREACHABLE_CODE = YES;
				CLANG_WARN__DUPLICATE_METHOD_MATCH = YES;
				"CODE_SIGN_IDENTITY[sdk=iphoneos*]" = "iPhone Developer";
				COPY_PHASE_STRIP = NO;
				DEBUG_INFORMATION_FORMAT = dwarf;
				ENABLE_STRICT_OBJC_MSGSEND = YES;
				ENABLE_TESTABILITY = YES;
				GCC_C_LANGUAGE_STANDARD = gnu99;
				GCC_DYNAMIC_NO_PIC = NO;
				GCC_NO_COMMON_BLOCKS = YES;
				GCC_OPTIMIZATION_LEVEL = 0;
				GCC_PREPROCESSOR_DEFINITIONS = (
					"DEBUG=1",
					"$(inherited)",
				);
				GCC_WARN_64_TO_32_BIT_CONVERSION = YES;
				GCC_WARN_ABOUT_RETURN_TYPE = YES_ERROR;
				GCC_WARN_UNDECLARED_SELECTOR = YES;
				GCC_WARN_UNINITIALIZED_AUTOS = YES_AGGRESSIVE;
				GCC_WARN_UNUSED_FUNCTION = YES;
				GCC_WARN_UNUSED_VARIABLE = YES;
				IPHONEOS_DEPLOYMENT_TARGET = 9.2;
				MTL_ENABLE_DEBUG_INFO = YES;
				ONLY_ACTIVE_ARCH = YES;
				SDKROOT = iphoneos;
				TARGETED_DEVICE_FAMILY = "1,2";
			};
			name = Debug;
		};
		621888BB1C9FB29A007180AE /* Release */ = {
			isa = XCBuildConfiguration;
			buildSettings = {
				ALWAYS_SEARCH_USER_PATHS = NO;
				CLANG_CXX_LANGUAGE_STANDARD = "gnu++0x";
				CLANG_CXX_LIBRARY = "libc++";
				CLANG_ENABLE_MODULES = YES;
				CLANG_ENABLE_OBJC_ARC = YES;
				CLANG_WARN_BOOL_CONVERSION = YES;
				CLANG_WARN_CONSTANT_CONVERSION = YES;
				CLANG_WARN_DIRECT_OBJC_ISA_USAGE = YES_ERROR;
				CLANG_WARN_EMPTY_BODY = YES;
				CLANG_WARN_ENUM_CONVERSION = YES;
				CLANG_WARN_INT_CONVERSION = YES;
				CLANG_WARN_OBJC_ROOT_CLASS = YES_ERROR;
				CLANG_WARN_UNREACHABLE_CODE = YES;
				CLANG_WARN__DUPLICATE_METHOD_MATCH = YES;
				"CODE_SIGN_IDENTITY[sdk=iphoneos*]" = "iPhone Developer";
				COPY_PHASE_STRIP = NO;
				DEBUG_INFORMATION_FORMAT = "dwarf-with-dsym";
				ENABLE_NS_ASSERTIONS = NO;
				ENABLE_STRICT_OBJC_MSGSEND = YES;
				GCC_C_LANGUAGE_STANDARD = gnu99;
				GCC_NO_COMMON_BLOCKS = YES;
				GCC_WARN_64_TO_32_BIT_CONVERSION = YES;
				GCC_WARN_ABOUT_RETURN_TYPE = YES_ERROR;
				GCC_WARN_UNDECLARED_SELECTOR = YES;
				GCC_WARN_UNINITIALIZED_AUTOS = YES_AGGRESSIVE;
				GCC_WARN_UNUSED_FUNCTION = YES;
				GCC_WARN_UNUSED_VARIABLE = YES;
				IPHONEOS_DEPLOYMENT_TARGET = 9.2;
				MTL_ENABLE_DEBUG_INFO = NO;
				SDKROOT = iphoneos;
				TARGETED_DEVICE_FAMILY = "1,2";
				VALIDATE_PRODUCT = YES;
			};
			name = Release;
		};
		621888BD1C9FB29A007180AE /* Debug */ = {
			isa = XCBuildConfiguration;
			buildSettings = {
				ASSETCATALOG_COMPILER_APPICON_NAME = AppIcon;
				INFOPLIST_FILE = XDPhoneNumberKit/Info.plist;
				LD_RUNPATH_SEARCH_PATHS = "$(inherited) @executable_path/Frameworks";
				PRODUCT_BUNDLE_IDENTIFIER = com.su.XDPhoneNumberKit;
				PRODUCT_NAME = "$(TARGET_NAME)";
			};
			name = Debug;
		};
		621888BE1C9FB29A007180AE /* Release */ = {
			isa = XCBuildConfiguration;
			buildSettings = {
				ASSETCATALOG_COMPILER_APPICON_NAME = AppIcon;
				INFOPLIST_FILE = XDPhoneNumberKit/Info.plist;
				LD_RUNPATH_SEARCH_PATHS = "$(inherited) @executable_path/Frameworks";
				PRODUCT_BUNDLE_IDENTIFIER = com.su.XDPhoneNumberKit;
				PRODUCT_NAME = "$(TARGET_NAME)";
			};
			name = Release;
		};
/* End XCBuildConfiguration section */

/* Begin XCConfigurationList section */
		621888A01C9FB29A007180AE /* Build configuration list for PBXProject "XDPhoneNumberKit" */ = {
			isa = XCConfigurationList;
			buildConfigurations = (
				621888BA1C9FB29A007180AE /* Debug */,
				621888BB1C9FB29A007180AE /* Release */,
			);
			defaultConfigurationIsVisible = 0;
			defaultConfigurationName = Release;
		};
		621888BC1C9FB29A007180AE /* Build configuration list for PBXNativeTarget "XDPhoneNumberKit" */ = {
			isa = XCConfigurationList;
			buildConfigurations = (
				621888BD1C9FB29A007180AE /* Debug */,
				621888BE1C9FB29A007180AE /* Release */,
			);
			defaultConfigurationIsVisible = 0;
		};
/* End XCConfigurationList section */
	};
	rootObject = 6218889D1C9FB29A007180AE /* Project object */;
}
